
Microsoft Visual Studio Solution File, Format Version 12.00
# Visual Studio Version 17
VisualStudioVersion = 17.10.34902.84
MinimumVisualStudioVersion = 10.0.40219.1
Project("{FAE04EC0-301F-11D3-BF4B-00C04F79EFBC}") = "StardomEngine", "StardomEngine\StardomEngine.csproj", "{B1507122-759E-4413-99A2-13B4661C3B28}"
EndProject
Project("{FAE04EC0-301F-11D3-BF4B-00C04F79EFBC}") = "EngineTest", "EngineTest\EngineTest.csproj", "{C345DAFE-ABE6-4750-B272-D3ECC7D70FF2}"
EndProject
Global
	GlobalSection(SolutionConfigurationPlatforms) = preSolution
		Debug|Any CPU = Debug|Any CPU
		Release|Any CPU = Release|Any CPU
	EndGlobalSection
	GlobalSection(ProjectConfigurationPlatforms) = postSolution
		{B1507122-759E-4413-99A2-13B4661C3B28}.Debug|Any CPU.ActiveCfg = Debug|Any CPU
		{B1507122-759E-4413-99A2-13B4661C3B28}.Debug|Any CPU.Build.0 = Debug|Any CPU
		{B1507122-759E-4413-99A2-13B4661C3B28}.Release|Any CPU.ActiveCfg = Release|Any CPU
		{B1507122-759E-4413-99A2-13B4661C3B28}.Release|Any CPU.Build.0 = Release|Any CPU
		{C345DAFE-ABE6-4750-B272-D3ECC7D70FF2}.Debug|Any CPU.ActiveCfg = Debug|Any CPU
		{C345DAFE-ABE6-4750-B272-D3ECC7D70FF2}.Debug|Any CPU.Build.0 = Debug|Any CPU
		{C345DAFE-ABE6-4750-B272-D3ECC7D70FF2}.Release|Any CPU.ActiveCfg = Release|Any CPU
		{C345DAFE-ABE6-4750-B272-D3ECC7D70FF2}.Release|Any CPU.Build.0 = Release|Any CPU
	EndGlobalSection
	GlobalSection(SolutionProperties) = preSolution
		HideSolutionNode = FALSE
	EndGlobalSection
	GlobalSection(ExtensibilityGlobals) = postSolution
		SolutionGuid = {381D6201-AF55-4F56-BD1E-4B9CAFE2C63C}
	EndGlobalSection
EndGlobal
